PODS:
  - Alamofire (5.9.1)
  - BonMot (6.1.3)
  - DeviceKit (5.4.0)
  - Differentiator (5.0.0)
  - DZNEmptyDataSet (1.8.1)
  - FCUUID (1.3.1):
    - UICKeyChainStore (~> 2.1.0)
  - HiCore (1.0.6):
    - DeviceKit (~> 5.0)
    - FCUUID (~> 1.0)
    - HiDomain (~> 1.0)
    - SwifterSwift/CoreGraphics (~> 6.0)
    - SwifterSwift/UIKit (~> 6.0)
    - SwiftyBeaver (~> 1.0)
  - HiDomain (1.0.5):
    - ObjectMapper (~> 4.0)
    - SwifterSwift/Foundation (~> 6.0)
    - SwifterSwift/SwiftStdlib (~> 6.0)
  - HiJSBridge (1.0.0)
  - HiNav (1.0.1):
    - HiDomain (~> 1.0)
    - RxSwift (~> 6.0)
    - SwifterSwift/UIKit (~> 6.0)
    - URLNavigator-Hi (= 2.5.1-v1)
  - HiNet (1.0.1):
    - Moya/RxSwift (~> 15.0)
    - ObjectMapper (~> 4.0)
    - RxRelay (~> 6.0)
  - HiResource (1.0.1)
  - HiTheme (1.0.1):
    - RxTheme (~> 6.0)
    - SwifterSwift/UIKit (~> 6.0)
  - HiUIKit (1.0.0):
    - BonMot (~> 6.0)
    - DZNEmptyDataSet (~> 1.0)
    - HiCore (~> 1.0)
    - HiJSBridge (~> 1.0)
    - HiNav (~> 1.0)
    - HiNet (~> 1.0)
    - HiResource (~> 1.0)
    - HiTheme (~> 1.0)
    - Kingfisher (~> 7.0)
    - MJRefresh (~> 3.0)
    - "NSObject+Rx (~> 5.0)"
    - ReactorKit (~> 3.0)
    - RxDataSources (~> 5.0)
    - RxOptional (~> 5.0)
    - RxSwiftExt (~> 6.0)
    - RxViewController (~> 2.0)
    - SwifterSwift (~> 6.0)
    - TTTAttributedLabel (~> 2.0)
  - Kingfisher (7.11.0)
  - MJRefresh (3.7.9)
  - Moya/Core (15.0.0):
    - Alamofire (~> 5.0)
  - Moya/RxSwift (15.0.0):
    - Moya/Core
    - RxSwift (~> 6.0)
  - "NSObject+Rx (5.2.2)":
    - RxSwift (~> 6.2)
  - ObjectMapper (4.4.2)
  - ReactorKit (3.2.0):
    - RxSwift (~> 6.0)
    - WeakMapTable (~> 1.1)
  - RxCocoa (6.7.1):
    - RxRelay (= 6.7.1)
    - RxSwift (= 6.7.1)
  - RxDataSources (5.0.0):
    - Differentiator (~> 5.0)
    - RxCocoa (~> 6.0)
    - RxSwift (~> 6.0)
  - RxOptional (5.0.2):
    - RxCocoa (~> 6.0)
    - RxSwift (~> 6.0)
  - RxRelay (6.7.1):
    - RxSwift (= 6.7.1)
  - RxSwift (6.7.1)
  - RxSwiftExt (6.2.1):
    - RxSwiftExt/Core (= 6.2.1)
    - RxSwiftExt/RxCocoa (= 6.2.1)
  - RxSwiftExt/Core (6.2.1):
    - RxSwift (~> 6.0)
  - RxSwiftExt/RxCocoa (6.2.1):
    - RxCocoa (~> 6.0)
    - RxSwiftExt/Core
  - RxTheme (6.0.0):
    - RxCocoa (~> 6.0)
    - RxSwift (~> 6.0)
  - RxViewController (2.0.0):
    - RxCocoa (~> 6.0)
    - RxSwift (~> 6.0)
  - SwifterSwift (6.2.0):
    - SwifterSwift/AppKit (= 6.2.0)
    - SwifterSwift/Combine (= 6.2.0)
    - SwifterSwift/CoreAnimation (= 6.2.0)
    - SwifterSwift/CoreGraphics (= 6.2.0)
    - SwifterSwift/CoreLocation (= 6.2.0)
    - SwifterSwift/CryptoKit (= 6.2.0)
    - SwifterSwift/Dispatch (= 6.2.0)
    - SwifterSwift/Foundation (= 6.2.0)
    - SwifterSwift/HealthKit (= 6.2.0)
    - SwifterSwift/MapKit (= 6.2.0)
    - SwifterSwift/SceneKit (= 6.2.0)
    - SwifterSwift/SpriteKit (= 6.2.0)
    - SwifterSwift/StoreKit (= 6.2.0)
    - SwifterSwift/SwiftStdlib (= 6.2.0)
    - SwifterSwift/UIKit (= 6.2.0)
    - SwifterSwift/WebKit (= 6.2.0)
  - SwifterSwift/AppKit (6.2.0)
  - SwifterSwift/Combine (6.2.0)
  - SwifterSwift/CoreAnimation (6.2.0)
  - SwifterSwift/CoreGraphics (6.2.0)
  - SwifterSwift/CoreLocation (6.2.0)
  - SwifterSwift/CryptoKit (6.2.0)
  - SwifterSwift/Dispatch (6.2.0)
  - SwifterSwift/Foundation (6.2.0)
  - SwifterSwift/HealthKit (6.2.0)
  - SwifterSwift/MapKit (6.2.0)
  - SwifterSwift/SceneKit (6.2.0)
  - SwifterSwift/SpriteKit (6.2.0)
  - SwifterSwift/StoreKit (6.2.0)
  - SwifterSwift/SwiftStdlib (6.2.0)
  - SwifterSwift/UIKit (6.2.0)
  - SwifterSwift/WebKit (6.2.0)
  - SwiftyBeaver (1.9.5)
  - TTTAttributedLabel (2.0.0)
  - UICKeyChainStore (2.1.2)
  - URLNavigator-Hi (2.5.1-v1)
  - WeakMapTable (1.2.0)

DEPENDENCIES:
  - HiUIKit (from `../../`)

SPEC REPOS:
  https://github.com/CocoaPods/Specs.git:
    - Alamofire
    - BonMot
    - DeviceKit
    - Differentiator
    - DZNEmptyDataSet
    - FCUUID
    - HiCore
    - HiDomain
    - HiJSBridge
    - HiNav
    - HiNet
    - HiResource
    - HiTheme
    - Kingfisher
    - MJRefresh
    - Moya
    - "NSObject+Rx"
    - ObjectMapper
    - ReactorKit
    - RxCocoa
    - RxDataSources
    - RxOptional
    - RxRelay
    - RxSwift
    - RxSwiftExt
    - RxTheme
    - RxViewController
    - SwifterSwift
    - SwiftyBeaver
    - TTTAttributedLabel
    - UICKeyChainStore
    - URLNavigator-Hi
    - WeakMapTable

EXTERNAL SOURCES:
  HiUIKit:
    :path: "../../"

SPEC CHECKSUMS:
  Alamofire: f36a35757af4587d8e4f4bfa223ad10be2422b8c
  BonMot: 1534503509ef48d3c4d0fbec2d0ea35f2887b4ea
  DeviceKit: bd34bb1766d926c3cc5a5f6e3e9a6dd10148b805
  Differentiator: e8497ceab83c1b10ca233716d547b9af21b9344d
  DZNEmptyDataSet: 9525833b9e68ac21c30253e1d3d7076cc828eaa7
  FCUUID: bb054fc90cd7cd99320f9f6ff8e130fe607fba05
  HiCore: 6270412b81c6859c09c9860992d1e9307929120b
  HiDomain: 1e8e819a870f43130d79f281a0fbe1ac932e7bbb
  HiJSBridge: 44de60d587b7c5dd218e7bccbfba08548afeee41
  HiNav: eff5710f89cf127e376ddef5869bbc77b39b3790
  HiNet: cafc77843b501f4e8e2d11d349d91bbde34475fa
  HiResource: 231e1e2a84a8589c78b4bf6ff8546fc68136deba
  HiTheme: 90970dc9725435e7a50bb91948d50cc5fdf92596
  HiUIKit: 18f43b94ccd5ee84e44b65ba4d30e3bcbf69918b
  Kingfisher: b9c985d864d43515f404f1ef4a8ce7d802ace3ac
  MJRefresh: ff9e531227924c84ce459338414550a05d2aea78
  Moya: 138f0573e53411fb3dc17016add0b748dfbd78ee
  "NSObject+Rx": 61cf1f7306a73dcef8b36649198af0813ec18dfd
  ObjectMapper: e6e4d91ff7f2861df7aecc536c92d8363f4c9677
  ReactorKit: e8b11d6b9c415405f381669b095c154a05b59eca
  RxCocoa: f5609cb4637587a7faa99c5d5787e3ad582b75a4
  RxDataSources: aa47cc1ed6c500fa0dfecac5c979b723542d79cf
  RxOptional: 3664964c96b69dd20c9cf78bdfe546615e26eca8
  RxRelay: 4151ba01152436b08271e08410135e099880eae5
  RxSwift: b9a93a26031785159e11abd40d1a55bcb8057e52
  RxSwiftExt: 43aaacb6a4d3c69c55e9d1cf4f79920043d13583
  RxTheme: be60cb14e0544b3cbd574cc37fed35ba9d61aa1f
  RxViewController: 56486fa0afd629a1d6b5ba077f3b8cd9dc31b5d2
  SwifterSwift: dd00873fb09cde19da88bdb2878f9fe70fe27b0f
  SwiftyBeaver: 84069991dd5dca07d7069100985badaca7f0ce82
  TTTAttributedLabel: 8cffe8e127e4e82ff3af1e5386d4cd0ad000b656
  UICKeyChainStore: 85db518bb1d294366d15ec9b92a416c4e670518f
  URLNavigator-Hi: 502e604c2656e9e78e17f17acfc808816c9bd713
  WeakMapTable: 05c694ce8439a7a9ebabb56187287a63c57673d6

PODFILE CHECKSUM: 0efcbee5f870252ac884c547980cea7358f11e21

COCOAPODS: 1.14.3
